
Microsoft Visual Studio Solution File, Format Version 12.00
# Visual Studio 15
VisualStudioVersion = 15.0.27428.2015
MinimumVisualStudioVersion = 10.0.40219.1
Project("{00D1A9C2-B5F0-4AF3-8072-F6C62B433612}") = "BasicSQL", "BasicSQL\BasicSQL.sqlproj", "{DF0D9839-85B6-403B-A56C-EFF521573307}"
EndProject
Global
	GlobalSection(SolutionConfigurationPlatforms) = preSolution
		Debug|Any CPU = Debug|Any CPU
		Release|Any CPU = Release|Any CPU
	EndGlobalSection
	GlobalSection(ProjectConfigurationPlatforms) = postSolution
		{DF0D9839-85B6-403B-A56C-EFF521573307}.Debug|Any CPU.ActiveCfg = Debug|Any CPU
		{DF0D9839-85B6-403B-A56C-EFF521573307}.Debug|Any CPU.Build.0 = Debug|Any CPU
		{DF0D9839-85B6-403B-A56C-EFF521573307}.Debug|Any CPU.Deploy.0 = Debug|Any CPU
		{DF0D9839-85B6-403B-A56C-EFF521573307}.Release|Any CPU.ActiveCfg = Release|Any CPU
		{DF0D9839-85B6-403B-A56C-EFF521573307}.Release|Any CPU.Build.0 = Release|Any CPU
		{DF0D9839-85B6-403B-A56C-EFF521573307}.Release|Any CPU.Deploy.0 = Release|Any CPU
	EndGlobalSection
	GlobalSection(SolutionProperties) = preSolution
		HideSolutionNode = FALSE
	EndGlobalSection
	GlobalSection(ExtensibilityGlobals) = postSolution
		SolutionGuid = {1233822D-890F-44B5-BB57-2B8800C67773}
	EndGlobalSection
EndGlobal
