
Microsoft Visual Studio Solution File, Format Version 12.00
# Visual Studio 15
VisualStudioVersion = 15.0.27428.2015
MinimumVisualStudioVersion = 10.0.40219.1
Project("{9A19103F-16F7-4668-BE54-9A1E7A4F7556}") = "WebSLC", "WebSLC\WebSLC.csproj", "{DDE80E2A-C260-490F-A490-BBB42DB5D4EC}"
EndProject
Project("{FAE04EC0-301F-11D3-BF4B-00C04F79EFBC}") = "WebSLC.Utilily", "WebSLC.Utilily\WebSLC.Utilily.csproj", "{CC1C020B-6A7C-421A-B1CA-4DA9BD4EF77B}"
EndProject
Project("{FAE04EC0-301F-11D3-BF4B-00C04F79EFBC}") = "WebSLC.Tests", "WebSLC.Tests\WebSLC.Tests.csproj", "{02AB16D2-891E-4C8A-A3D2-491B62063BD0}"
EndProject
Global
	GlobalSection(SolutionConfigurationPlatforms) = preSolution
		Debug|Any CPU = Debug|Any CPU
		Release|Any CPU = Release|Any CPU
	EndGlobalSection
	GlobalSection(ProjectConfigurationPlatforms) = postSolution
		{DDE80E2A-C260-490F-A490-BBB42DB5D4EC}.Debug|Any CPU.ActiveCfg = Debug|Any CPU
		{DDE80E2A-C260-490F-A490-BBB42DB5D4EC}.Debug|Any CPU.Build.0 = Debug|Any CPU
		{DDE80E2A-C260-490F-A490-BBB42DB5D4EC}.Release|Any CPU.ActiveCfg = Release|Any CPU
		{DDE80E2A-C260-490F-A490-BBB42DB5D4EC}.Release|Any CPU.Build.0 = Release|Any CPU
		{CC1C020B-6A7C-421A-B1CA-4DA9BD4EF77B}.Debug|Any CPU.ActiveCfg = Debug|Any CPU
		{CC1C020B-6A7C-421A-B1CA-4DA9BD4EF77B}.Debug|Any CPU.Build.0 = Debug|Any CPU
		{CC1C020B-6A7C-421A-B1CA-4DA9BD4EF77B}.Release|Any CPU.ActiveCfg = Release|Any CPU
		{CC1C020B-6A7C-421A-B1CA-4DA9BD4EF77B}.Release|Any CPU.Build.0 = Release|Any CPU
		{02AB16D2-891E-4C8A-A3D2-491B62063BD0}.Debug|Any CPU.ActiveCfg = Debug|Any CPU
		{02AB16D2-891E-4C8A-A3D2-491B62063BD0}.Debug|Any CPU.Build.0 = Debug|Any CPU
		{02AB16D2-891E-4C8A-A3D2-491B62063BD0}.Release|Any CPU.ActiveCfg = Release|Any CPU
		{02AB16D2-891E-4C8A-A3D2-491B62063BD0}.Release|Any CPU.Build.0 = Release|Any CPU
	EndGlobalSection
	GlobalSection(SolutionProperties) = preSolution
		HideSolutionNode = FALSE
	EndGlobalSection
	GlobalSection(ExtensibilityGlobals) = postSolution
		SolutionGuid = {3FDB240D-DCCA-4234-A7C2-383F1301CE0E}
	EndGlobalSection
EndGlobal
