
Microsoft Visual Studio Solution File, Format Version 12.00
# Visual Studio 15
VisualStudioVersion = 15.0.27130.2027
MinimumVisualStudioVersion = 10.0.40219.1
Project("{9A19103F-16F7-4668-BE54-9A1E7A4F7556}") = "ExceptionHandlingModule", "ExceptionHandlingModule.csproj", "{0CF2C90C-141C-4BFC-801D-90C6622AF073}"
EndProject
Global
	GlobalSection(SolutionConfigurationPlatforms) = preSolution
		Debug|Any CPU = Debug|Any CPU
		Release|Any CPU = Release|Any CPU
	EndGlobalSection
	GlobalSection(ProjectConfigurationPlatforms) = postSolution
		{0CF2C90C-141C-4BFC-801D-90C6622AF073}.Debug|Any CPU.ActiveCfg = Debug|Any CPU
		{0CF2C90C-141C-4BFC-801D-90C6622AF073}.Debug|Any CPU.Build.0 = Debug|Any CPU
		{0CF2C90C-141C-4BFC-801D-90C6622AF073}.Release|Any CPU.ActiveCfg = Release|Any CPU
		{0CF2C90C-141C-4BFC-801D-90C6622AF073}.Release|Any CPU.Build.0 = Release|Any CPU
	EndGlobalSection
	GlobalSection(SolutionProperties) = preSolution
		HideSolutionNode = FALSE
	EndGlobalSection
	GlobalSection(ExtensibilityGlobals) = postSolution
		SolutionGuid = {5BBC2774-ED64-485E-9E49-9ED02D428E27}
	EndGlobalSection
EndGlobal
