
Microsoft Visual Studio Solution File, Format Version 12.00
# Visual Studio 15
VisualStudioVersion = 15.0.27130.2027
MinimumVisualStudioVersion = 10.0.40219.1
Project("{9A19103F-16F7-4668-BE54-9A1E7A4F7556}") = "FSVisitor", "FSVisitor.csproj", "{5EA98DB0-75AD-4414-A90F-3DE4F71124E0}"
EndProject
Project("{FAE04EC0-301F-11D3-BF4B-00C04F79EFBC}") = "FSVisitor.Tests", "..\FSVisitor.Tests\FSVisitor.Tests.csproj", "{D6A26AB8-2A84-4C3D-A38C-16808A7E8452}"
EndProject
Global
	GlobalSection(SolutionConfigurationPlatforms) = preSolution
		Debug|Any CPU = Debug|Any CPU
		Release|Any CPU = Release|Any CPU
	EndGlobalSection
	GlobalSection(ProjectConfigurationPlatforms) = postSolution
		{5EA98DB0-75AD-4414-A90F-3DE4F71124E0}.Debug|Any CPU.ActiveCfg = Debug|Any CPU
		{5EA98DB0-75AD-4414-A90F-3DE4F71124E0}.Debug|Any CPU.Build.0 = Debug|Any CPU
		{5EA98DB0-75AD-4414-A90F-3DE4F71124E0}.Release|Any CPU.ActiveCfg = Release|Any CPU
		{5EA98DB0-75AD-4414-A90F-3DE4F71124E0}.Release|Any CPU.Build.0 = Release|Any CPU
		{D6A26AB8-2A84-4C3D-A38C-16808A7E8452}.Debug|Any CPU.ActiveCfg = Debug|Any CPU
		{D6A26AB8-2A84-4C3D-A38C-16808A7E8452}.Debug|Any CPU.Build.0 = Debug|Any CPU
		{D6A26AB8-2A84-4C3D-A38C-16808A7E8452}.Release|Any CPU.ActiveCfg = Release|Any CPU
		{D6A26AB8-2A84-4C3D-A38C-16808A7E8452}.Release|Any CPU.Build.0 = Release|Any CPU
	EndGlobalSection
	GlobalSection(SolutionProperties) = preSolution
		HideSolutionNode = FALSE
	EndGlobalSection
	GlobalSection(ExtensibilityGlobals) = postSolution
		SolutionGuid = {337C1AA3-B82B-49C0-B8B1-CCE0C5260948}
	EndGlobalSection
EndGlobal
